
Microsoft Visual Studio Solution File, Format Version 12.00
# Visual Studio Version 16
VisualStudioVersion = 16.0.31129.286
MinimumVisualStudioVersion = 10.0.40219.1
Project("{FAE04EC0-301F-11D3-BF4B-00C04F79EFBC}") = "webApi", "NicreParking\webApi.csproj", "{93C768C6-D22E-469B-BB42-464003FB6B2F}"
EndProject
Project("{2150E333-8FDC-42A3-9474-1A3956D46DE8}") = "01-Common", "01-Common", "{EB050E40-E3FA-4305-A267-DF169A06F46F}"
EndProject
Project("{2150E333-8FDC-42A3-9474-1A3956D46DE8}") = "05-webapi", "05-webapi", "{14636C74-B042-4416-BB6F-AFF126565C2B}"
EndProject
Project("{2150E333-8FDC-42A3-9474-1A3956D46DE8}") = "02-Domain", "02-Domain", "{420AC4C3-B63F-44E5-A781-0757FB8124CD}"
EndProject
Project("{FAE04EC0-301F-11D3-BF4B-00C04F79EFBC}") = "Domain", "Domain\Domain.csproj", "{93A51CDE-F382-456F-A499-41E197EE6F53}"
EndProject
Project("{2150E333-8FDC-42A3-9474-1A3956D46DE8}") = "04-Business", "04-Business", "{754A33FB-8E53-4655-91E0-3EE41346D067}"
EndProject
Project("{FAE04EC0-301F-11D3-BF4B-00C04F79EFBC}") = "IService", "IService\IService.csproj", "{A19FCD0D-769C-4AF8-A732-6A425E59D66D}"
EndProject
Project("{FAE04EC0-301F-11D3-BF4B-00C04F79EFBC}") = "Services", "Services\Services.csproj", "{BB82E7DA-5514-45F0-94CF-0E6592CB55E8}"
EndProject
Project("{FAE04EC0-301F-11D3-BF4B-00C04F79EFBC}") = "Dto", "Dto\Dto.csproj", "{A7158067-AC74-4343-B0B2-71D3026ED103}"
EndProject
Project("{FAE04EC0-301F-11D3-BF4B-00C04F79EFBC}") = "Common", "Common\Common.csproj", "{111F849F-66A2-49B0-9AD2-7D23C017E887}"
EndProject
Project("{2150E333-8FDC-42A3-9474-1A3956D46DE8}") = "03-DataAccess", "03-DataAccess", "{F86FC437-0A2C-4470-B8CF-93C6AF469C51}"
EndProject
Project("{FAE04EC0-301F-11D3-BF4B-00C04F79EFBC}") = "IoC", "IoC\IoC.csproj", "{64275D18-D3A8-492D-85E7-B389D27DBD5B}"
EndProject
Project("{FAE04EC0-301F-11D3-BF4B-00C04F79EFBC}") = "Mapper", "Mapper\Mapper.csproj", "{222FFFEF-E892-4000-AD9F-73AB50DC0ECB}"
EndProject
Project("{FAE04EC0-301F-11D3-BF4B-00C04F79EFBC}") = "DataAccess", "DataAccess\DataAccess.csproj", "{7569BBBD-DA47-4A51-AE77-74D97C704F81}"
EndProject
Project("{FAE04EC0-301F-11D3-BF4B-00C04F79EFBC}") = "DataAccessInterface", "DataAccessInterface\DataAccessInterface.csproj", "{C6993E74-CA35-445F-AC3D-5BE833927712}"
EndProject
Project("{FAE04EC0-301F-11D3-BF4B-00C04F79EFBC}") = "BusinessLogic", "BusinessLogic\BusinessLogic.csproj", "{F4256DA8-564B-4465-84CC-2201F62996FD}"
EndProject
Global
	GlobalSection(SolutionConfigurationPlatforms) = preSolution
		Debug|Any CPU = Debug|Any CPU
		Release|Any CPU = Release|Any CPU
	EndGlobalSection
	GlobalSection(ProjectConfigurationPlatforms) = postSolution
		{93C768C6-D22E-469B-BB42-464003FB6B2F}.Debug|Any CPU.ActiveCfg = Debug|Any CPU
		{93C768C6-D22E-469B-BB42-464003FB6B2F}.Debug|Any CPU.Build.0 = Debug|Any CPU
		{93C768C6-D22E-469B-BB42-464003FB6B2F}.Release|Any CPU.ActiveCfg = Release|Any CPU
		{93C768C6-D22E-469B-BB42-464003FB6B2F}.Release|Any CPU.Build.0 = Release|Any CPU
		{93A51CDE-F382-456F-A499-41E197EE6F53}.Debug|Any CPU.ActiveCfg = Debug|Any CPU
		{93A51CDE-F382-456F-A499-41E197EE6F53}.Debug|Any CPU.Build.0 = Debug|Any CPU
		{93A51CDE-F382-456F-A499-41E197EE6F53}.Release|Any CPU.ActiveCfg = Release|Any CPU
		{93A51CDE-F382-456F-A499-41E197EE6F53}.Release|Any CPU.Build.0 = Release|Any CPU
		{A19FCD0D-769C-4AF8-A732-6A425E59D66D}.Debug|Any CPU.ActiveCfg = Debug|Any CPU
		{A19FCD0D-769C-4AF8-A732-6A425E59D66D}.Debug|Any CPU.Build.0 = Debug|Any CPU
		{A19FCD0D-769C-4AF8-A732-6A425E59D66D}.Release|Any CPU.ActiveCfg = Release|Any CPU
		{A19FCD0D-769C-4AF8-A732-6A425E59D66D}.Release|Any CPU.Build.0 = Release|Any CPU
		{BB82E7DA-5514-45F0-94CF-0E6592CB55E8}.Debug|Any CPU.ActiveCfg = Debug|Any CPU
		{BB82E7DA-5514-45F0-94CF-0E6592CB55E8}.Debug|Any CPU.Build.0 = Debug|Any CPU
		{BB82E7DA-5514-45F0-94CF-0E6592CB55E8}.Release|Any CPU.ActiveCfg = Release|Any CPU
		{BB82E7DA-5514-45F0-94CF-0E6592CB55E8}.Release|Any CPU.Build.0 = Release|Any CPU
		{A7158067-AC74-4343-B0B2-71D3026ED103}.Debug|Any CPU.ActiveCfg = Debug|Any CPU
		{A7158067-AC74-4343-B0B2-71D3026ED103}.Debug|Any CPU.Build.0 = Debug|Any CPU
		{A7158067-AC74-4343-B0B2-71D3026ED103}.Release|Any CPU.ActiveCfg = Release|Any CPU
		{A7158067-AC74-4343-B0B2-71D3026ED103}.Release|Any CPU.Build.0 = Release|Any CPU
		{111F849F-66A2-49B0-9AD2-7D23C017E887}.Debug|Any CPU.ActiveCfg = Debug|Any CPU
		{111F849F-66A2-49B0-9AD2-7D23C017E887}.Debug|Any CPU.Build.0 = Debug|Any CPU
		{111F849F-66A2-49B0-9AD2-7D23C017E887}.Release|Any CPU.ActiveCfg = Release|Any CPU
		{111F849F-66A2-49B0-9AD2-7D23C017E887}.Release|Any CPU.Build.0 = Release|Any CPU
		{64275D18-D3A8-492D-85E7-B389D27DBD5B}.Debug|Any CPU.ActiveCfg = Debug|Any CPU
		{64275D18-D3A8-492D-85E7-B389D27DBD5B}.Debug|Any CPU.Build.0 = Debug|Any CPU
		{64275D18-D3A8-492D-85E7-B389D27DBD5B}.Release|Any CPU.ActiveCfg = Release|Any CPU
		{64275D18-D3A8-492D-85E7-B389D27DBD5B}.Release|Any CPU.Build.0 = Release|Any CPU
		{222FFFEF-E892-4000-AD9F-73AB50DC0ECB}.Debug|Any CPU.ActiveCfg = Debug|Any CPU
		{222FFFEF-E892-4000-AD9F-73AB50DC0ECB}.Debug|Any CPU.Build.0 = Debug|Any CPU
		{222FFFEF-E892-4000-AD9F-73AB50DC0ECB}.Release|Any CPU.ActiveCfg = Release|Any CPU
		{222FFFEF-E892-4000-AD9F-73AB50DC0ECB}.Release|Any CPU.Build.0 = Release|Any CPU
		{7569BBBD-DA47-4A51-AE77-74D97C704F81}.Debug|Any CPU.ActiveCfg = Debug|Any CPU
		{7569BBBD-DA47-4A51-AE77-74D97C704F81}.Debug|Any CPU.Build.0 = Debug|Any CPU
		{7569BBBD-DA47-4A51-AE77-74D97C704F81}.Release|Any CPU.ActiveCfg = Release|Any CPU
		{7569BBBD-DA47-4A51-AE77-74D97C704F81}.Release|Any CPU.Build.0 = Release|Any CPU
		{C6993E74-CA35-445F-AC3D-5BE833927712}.Debug|Any CPU.ActiveCfg = Debug|Any CPU
		{C6993E74-CA35-445F-AC3D-5BE833927712}.Debug|Any CPU.Build.0 = Debug|Any CPU
		{C6993E74-CA35-445F-AC3D-5BE833927712}.Release|Any CPU.ActiveCfg = Release|Any CPU
		{C6993E74-CA35-445F-AC3D-5BE833927712}.Release|Any CPU.Build.0 = Release|Any CPU
		{F4256DA8-564B-4465-84CC-2201F62996FD}.Debug|Any CPU.ActiveCfg = Debug|Any CPU
		{F4256DA8-564B-4465-84CC-2201F62996FD}.Debug|Any CPU.Build.0 = Debug|Any CPU
		{F4256DA8-564B-4465-84CC-2201F62996FD}.Release|Any CPU.ActiveCfg = Release|Any CPU
		{F4256DA8-564B-4465-84CC-2201F62996FD}.Release|Any CPU.Build.0 = Release|Any CPU
	EndGlobalSection
	GlobalSection(SolutionProperties) = preSolution
		HideSolutionNode = FALSE
	EndGlobalSection
	GlobalSection(NestedProjects) = preSolution
		{93C768C6-D22E-469B-BB42-464003FB6B2F} = {14636C74-B042-4416-BB6F-AFF126565C2B}
		{93A51CDE-F382-456F-A499-41E197EE6F53} = {420AC4C3-B63F-44E5-A781-0757FB8124CD}
		{A19FCD0D-769C-4AF8-A732-6A425E59D66D} = {754A33FB-8E53-4655-91E0-3EE41346D067}
		{BB82E7DA-5514-45F0-94CF-0E6592CB55E8} = {754A33FB-8E53-4655-91E0-3EE41346D067}
		{A7158067-AC74-4343-B0B2-71D3026ED103} = {754A33FB-8E53-4655-91E0-3EE41346D067}
		{111F849F-66A2-49B0-9AD2-7D23C017E887} = {EB050E40-E3FA-4305-A267-DF169A06F46F}
		{64275D18-D3A8-492D-85E7-B389D27DBD5B} = {EB050E40-E3FA-4305-A267-DF169A06F46F}
		{222FFFEF-E892-4000-AD9F-73AB50DC0ECB} = {EB050E40-E3FA-4305-A267-DF169A06F46F}
		{7569BBBD-DA47-4A51-AE77-74D97C704F81} = {F86FC437-0A2C-4470-B8CF-93C6AF469C51}
		{C6993E74-CA35-445F-AC3D-5BE833927712} = {F86FC437-0A2C-4470-B8CF-93C6AF469C51}
		{F4256DA8-564B-4465-84CC-2201F62996FD} = {754A33FB-8E53-4655-91E0-3EE41346D067}
	EndGlobalSection
	GlobalSection(ExtensibilityGlobals) = postSolution
		SolutionGuid = {229FC8C6-5941-4D2F-ACEF-B4C934D1DCB8}
	EndGlobalSection
EndGlobal
